
Microsoft Visual Studio Solution File, Format Version 12.00
# Visual Studio Version 17
VisualStudioVersion = 17.12.35527.113 d17.12
MinimumVisualStudioVersion = 10.0.40219.1
Project("{FAE04EC0-301F-11D3-BF4B-00C04F79EFBC}") = "RestarauntReservation", "RestarauntReservation\RestarauntReservation.csproj", "{B9E56F5C-4900-4835-B453-0BF6C5C12445}"
EndProject
Global
	GlobalSection(SolutionConfigurationPlatforms) = preSolution
		Debug|Any CPU = Debug|Any CPU
		Release|Any CPU = Release|Any CPU
	EndGlobalSection
	GlobalSection(ProjectConfigurationPlatforms) = postSolution
		{B9E56F5C-4900-4835-B453-0BF6C5C12445}.Debug|Any CPU.ActiveCfg = Debug|Any CPU
		{B9E56F5C-4900-4835-B453-0BF6C5C12445}.Debug|Any CPU.Build.0 = Debug|Any CPU
		{B9E56F5C-4900-4835-B453-0BF6C5C12445}.Release|Any CPU.ActiveCfg = Release|Any CPU
		{B9E56F5C-4900-4835-B453-0BF6C5C12445}.Release|Any CPU.Build.0 = Release|Any CPU
	EndGlobalSection
	GlobalSection(SolutionProperties) = preSolution
		HideSolutionNode = FALSE
	EndGlobalSection
EndGlobal
